
Microsoft Visual Studio Solution File, Format Version 12.00
# Visual Studio Version 16
VisualStudioVersion = 16.0.31105.61
MinimumVisualStudioVersion = 10.0.40219.1
Project("{FAE04EC0-301F-11D3-BF4B-00C04F79EFBC}") = "DepartmentalStore.Domain", "DepartmentalStore.Domain\DepartmentalStore.Domain.csproj", "{8EA9528C-AD60-442B-8068-43DA50E1B5AF}"
EndProject
Project("{FAE04EC0-301F-11D3-BF4B-00C04F79EFBC}") = "DepartmentalStore.Data", "DepartmentalStore.Data\DepartmentalStore.Data.csproj", "{24A85C9C-9611-4A0E-8804-078CCDD51FE8}"
EndProject
Project("{FAE04EC0-301F-11D3-BF4B-00C04F79EFBC}") = "DepartmentalStore", "DepartmentalStore\DepartmentalStore.csproj", "{B7E09C23-EB31-4702-87D3-3C318411E21F}"
EndProject
Global
	GlobalSection(SolutionConfigurationPlatforms) = preSolution
		Debug|Any CPU = Debug|Any CPU
		Release|Any CPU = Release|Any CPU
	EndGlobalSection
	GlobalSection(ProjectConfigurationPlatforms) = postSolution
		{8EA9528C-AD60-442B-8068-43DA50E1B5AF}.Debug|Any CPU.ActiveCfg = Debug|Any CPU
		{8EA9528C-AD60-442B-8068-43DA50E1B5AF}.Debug|Any CPU.Build.0 = Debug|Any CPU
		{8EA9528C-AD60-442B-8068-43DA50E1B5AF}.Release|Any CPU.ActiveCfg = Release|Any CPU
		{8EA9528C-AD60-442B-8068-43DA50E1B5AF}.Release|Any CPU.Build.0 = Release|Any CPU
		{24A85C9C-9611-4A0E-8804-078CCDD51FE8}.Debug|Any CPU.ActiveCfg = Debug|Any CPU
		{24A85C9C-9611-4A0E-8804-078CCDD51FE8}.Debug|Any CPU.Build.0 = Debug|Any CPU
		{24A85C9C-9611-4A0E-8804-078CCDD51FE8}.Release|Any CPU.ActiveCfg = Release|Any CPU
		{24A85C9C-9611-4A0E-8804-078CCDD51FE8}.Release|Any CPU.Build.0 = Release|Any CPU
		{B7E09C23-EB31-4702-87D3-3C318411E21F}.Debug|Any CPU.ActiveCfg = Debug|Any CPU
		{B7E09C23-EB31-4702-87D3-3C318411E21F}.Debug|Any CPU.Build.0 = Debug|Any CPU
		{B7E09C23-EB31-4702-87D3-3C318411E21F}.Release|Any CPU.ActiveCfg = Release|Any CPU
		{B7E09C23-EB31-4702-87D3-3C318411E21F}.Release|Any CPU.Build.0 = Release|Any CPU
	EndGlobalSection
	GlobalSection(SolutionProperties) = preSolution
		HideSolutionNode = FALSE
	EndGlobalSection
	GlobalSection(ExtensibilityGlobals) = postSolution
		SolutionGuid = {720F0998-DEDB-432C-997E-5FA7C3953D85}
	EndGlobalSection
EndGlobal
